
Microsoft Visual Studio Solution File, Format Version 12.00
# Visual Studio Version 17
VisualStudioVersion = 17.11.35303.130
MinimumVisualStudioVersion = 10.0.40219.1
Project("{FAE04EC0-301F-11D3-BF4B-00C04F79EFBC}") = "TA9_WebSocket_MessageSender", "TA9_WebSocket_Receiver\TA9_WebSocket_MessageSender.csproj", "{48BBD9DA-F929-4633-8446-E6491C12A9A4}"
EndProject
Global
	GlobalSection(SolutionConfigurationPlatforms) = preSolution
		Debug|Any CPU = Debug|Any CPU
		Release|Any CPU = Release|Any CPU
	EndGlobalSection
	GlobalSection(ProjectConfigurationPlatforms) = postSolution
		{48BBD9DA-F929-4633-8446-E6491C12A9A4}.Debug|Any CPU.ActiveCfg = Debug|Any CPU
		{48BBD9DA-F929-4633-8446-E6491C12A9A4}.Debug|Any CPU.Build.0 = Debug|Any CPU
		{48BBD9DA-F929-4633-8446-E6491C12A9A4}.Release|Any CPU.ActiveCfg = Release|Any CPU
		{48BBD9DA-F929-4633-8446-E6491C12A9A4}.Release|Any CPU.Build.0 = Release|Any CPU
	EndGlobalSection
	GlobalSection(SolutionProperties) = preSolution
		HideSolutionNode = FALSE
	EndGlobalSection
	GlobalSection(ExtensibilityGlobals) = postSolution
		SolutionGuid = {AD62097E-0E81-4927-989F-C084981CB954}
	EndGlobalSection
EndGlobal
